
Microsoft Visual Studio Solution File, Format Version 12.00
# Visual Studio 15
VisualStudioVersion = 15.0.28307.102
MinimumVisualStudioVersion = 10.0.40219.1
Project("{FAE04EC0-301F-11D3-BF4B-00C04F79EFBC}") = "SauceMod", "SauceMod.csproj", "{B75FDA7E-30C7-4251-84AE-1D752D2C2BF5}"
EndProject
Global
	GlobalSection(SolutionConfigurationPlatforms) = preSolution
		Debug|Any CPU = Debug|Any CPU
		Release|Any CPU = Release|Any CPU
	EndGlobalSection
	GlobalSection(ProjectConfigurationPlatforms) = postSolution
		{B75FDA7E-30C7-4251-84AE-1D752D2C2BF5}.Debug|Any CPU.ActiveCfg = Debug|Any CPU
		{B75FDA7E-30C7-4251-84AE-1D752D2C2BF5}.Debug|Any CPU.Build.0 = Debug|Any CPU
		{B75FDA7E-30C7-4251-84AE-1D752D2C2BF5}.Release|Any CPU.ActiveCfg = Release|Any CPU
		{B75FDA7E-30C7-4251-84AE-1D752D2C2BF5}.Release|Any CPU.Build.0 = Release|Any CPU
	EndGlobalSection
	GlobalSection(SolutionProperties) = preSolution
		HideSolutionNode = FALSE
	EndGlobalSection
	GlobalSection(ExtensibilityGlobals) = postSolution
		SolutionGuid = {C11AB77E-CE88-40EC-B5BF-0046C0429B73}
	EndGlobalSection
EndGlobal
